
Microsoft Visual Studio Solution File, Format Version 12.00
# Visual Studio Version 17
VisualStudioVersion = 17.7.34003.232
MinimumVisualStudioVersion = 10.0.40219.1
Project("{9A19103F-16F7-4668-BE54-9A1E7A4F7556}") = "CoastalVilla_VillaAPI", "CoastalVilla_VillaAPI\CoastalVilla_VillaAPI.csproj", "{CCE79840-22FD-4C5B-9C26-BE7997511185}"
EndProject
Project("{FAE04EC0-301F-11D3-BF4B-00C04F79EFBC}") = "CoastalVilla_Web", "CoastalVilla_Web\CoastalVilla_Web.csproj", "{70A5A02A-8B1A-405D-A780-E641057A8BA2}"
EndProject
Global
	GlobalSection(SolutionConfigurationPlatforms) = preSolution
		Debug|Any CPU = Debug|Any CPU
		Release|Any CPU = Release|Any CPU
	EndGlobalSection
	GlobalSection(ProjectConfigurationPlatforms) = postSolution
		{CCE79840-22FD-4C5B-9C26-BE7997511185}.Debug|Any CPU.ActiveCfg = Debug|Any CPU
		{CCE79840-22FD-4C5B-9C26-BE7997511185}.Debug|Any CPU.Build.0 = Debug|Any CPU
		{CCE79840-22FD-4C5B-9C26-BE7997511185}.Release|Any CPU.ActiveCfg = Release|Any CPU
		{CCE79840-22FD-4C5B-9C26-BE7997511185}.Release|Any CPU.Build.0 = Release|Any CPU
		{70A5A02A-8B1A-405D-A780-E641057A8BA2}.Debug|Any CPU.ActiveCfg = Debug|Any CPU
		{70A5A02A-8B1A-405D-A780-E641057A8BA2}.Debug|Any CPU.Build.0 = Debug|Any CPU
		{70A5A02A-8B1A-405D-A780-E641057A8BA2}.Release|Any CPU.ActiveCfg = Release|Any CPU
		{70A5A02A-8B1A-405D-A780-E641057A8BA2}.Release|Any CPU.Build.0 = Release|Any CPU
	EndGlobalSection
	GlobalSection(SolutionProperties) = preSolution
		HideSolutionNode = FALSE
	EndGlobalSection
	GlobalSection(ExtensibilityGlobals) = postSolution
		SolutionGuid = {C9C03219-85CF-4B95-92C0-C9BE2D0CEEBC}
	EndGlobalSection
EndGlobal
